
Microsoft Visual Studio Solution File, Format Version 12.00
# Visual Studio Version 16
VisualStudioVersion = 16.0.29326.143
MinimumVisualStudioVersion = 10.0.40219.1
Project("{8BC9CEB8-8B4A-11D0-8D11-00A0C91BC942}") = "Keccak_1round_attack_identity", "..\Keccak_1round_attack_identity\Keccak_1round_attack_identity\Keccak_1round_attack_identity.vcxproj", "{1FDD96C2-DAC4-4430-B6B5-E7574A6E1338}"
EndProject
Project("{8BC9CEB8-8B4A-11D0-8D11-00A0C91BC942}") = "Keccak_1round_attack", "..\Keccak_1round_attack\Keccak_1round_attack\Keccak_1round_attack.vcxproj", "{DF7EDFE6-4F16-4F03-B520-091DFFBEE7D4}"
EndProject
Project("{8BC9CEB8-8B4A-11D0-8D11-00A0C91BC942}") = "Keccak_2round_attack", "Keccak_2round_attack\Keccak_2round_attack.vcxproj", "{7C806E26-06F2-4452-90A9-F09CC7D377CF}"
EndProject
Global
	GlobalSection(SolutionConfigurationPlatforms) = preSolution
		Debug|x64 = Debug|x64
		Debug|x86 = Debug|x86
		Release|x64 = Release|x64
		Release|x86 = Release|x86
	EndGlobalSection
	GlobalSection(ProjectConfigurationPlatforms) = postSolution
		{1FDD96C2-DAC4-4430-B6B5-E7574A6E1338}.Debug|x64.ActiveCfg = Debug|x64
		{1FDD96C2-DAC4-4430-B6B5-E7574A6E1338}.Debug|x64.Build.0 = Debug|x64
		{1FDD96C2-DAC4-4430-B6B5-E7574A6E1338}.Debug|x86.ActiveCfg = Debug|Win32
		{1FDD96C2-DAC4-4430-B6B5-E7574A6E1338}.Debug|x86.Build.0 = Debug|Win32
		{1FDD96C2-DAC4-4430-B6B5-E7574A6E1338}.Release|x64.ActiveCfg = Release|x64
		{1FDD96C2-DAC4-4430-B6B5-E7574A6E1338}.Release|x64.Build.0 = Release|x64
		{1FDD96C2-DAC4-4430-B6B5-E7574A6E1338}.Release|x86.ActiveCfg = Release|Win32
		{1FDD96C2-DAC4-4430-B6B5-E7574A6E1338}.Release|x86.Build.0 = Release|Win32
		{DF7EDFE6-4F16-4F03-B520-091DFFBEE7D4}.Debug|x64.ActiveCfg = Debug|x64
		{DF7EDFE6-4F16-4F03-B520-091DFFBEE7D4}.Debug|x64.Build.0 = Debug|x64
		{DF7EDFE6-4F16-4F03-B520-091DFFBEE7D4}.Debug|x86.ActiveCfg = Debug|Win32
		{DF7EDFE6-4F16-4F03-B520-091DFFBEE7D4}.Debug|x86.Build.0 = Debug|Win32
		{DF7EDFE6-4F16-4F03-B520-091DFFBEE7D4}.Release|x64.ActiveCfg = Release|x64
		{DF7EDFE6-4F16-4F03-B520-091DFFBEE7D4}.Release|x64.Build.0 = Release|x64
		{DF7EDFE6-4F16-4F03-B520-091DFFBEE7D4}.Release|x86.ActiveCfg = Release|Win32
		{DF7EDFE6-4F16-4F03-B520-091DFFBEE7D4}.Release|x86.Build.0 = Release|Win32
		{7C806E26-06F2-4452-90A9-F09CC7D377CF}.Debug|x64.ActiveCfg = Debug|x64
		{7C806E26-06F2-4452-90A9-F09CC7D377CF}.Debug|x64.Build.0 = Debug|x64
		{7C806E26-06F2-4452-90A9-F09CC7D377CF}.Debug|x86.ActiveCfg = Debug|Win32
		{7C806E26-06F2-4452-90A9-F09CC7D377CF}.Debug|x86.Build.0 = Debug|Win32
		{7C806E26-06F2-4452-90A9-F09CC7D377CF}.Release|x64.ActiveCfg = Release|x64
		{7C806E26-06F2-4452-90A9-F09CC7D377CF}.Release|x64.Build.0 = Release|x64
		{7C806E26-06F2-4452-90A9-F09CC7D377CF}.Release|x86.ActiveCfg = Release|Win32
		{7C806E26-06F2-4452-90A9-F09CC7D377CF}.Release|x86.Build.0 = Release|Win32
	EndGlobalSection
	GlobalSection(SolutionProperties) = preSolution
		HideSolutionNode = FALSE
	EndGlobalSection
	GlobalSection(ExtensibilityGlobals) = postSolution
		SolutionGuid = {92ADC9DA-BA13-4D11-8538-34836F346DE1}
	EndGlobalSection
EndGlobal
